
Microsoft Visual Studio Solution File, Format Version 12.00
# Visual Studio Version 16
VisualStudioVersion = 25.0.1706.4
MinimumVisualStudioVersion = 10.0.40219.1
Project("{FAE04EC0-301F-11D3-BF4B-00C04F79EFBC}") = "CatAppSharp", "CatAppSharp\CatAppSharp.csproj", "{B4963CE5-34A6-4897-8B17-A0AD0F1C61AE}"
EndProject
Global
	GlobalSection(SolutionConfigurationPlatforms) = preSolution
		Debug|Any CPU = Debug|Any CPU
		Release|Any CPU = Release|Any CPU
	EndGlobalSection
	GlobalSection(ProjectConfigurationPlatforms) = postSolution
		{B4963CE5-34A6-4897-8B17-A0AD0F1C61AE}.Debug|Any CPU.ActiveCfg = Debug|Any CPU
		{B4963CE5-34A6-4897-8B17-A0AD0F1C61AE}.Debug|Any CPU.Build.0 = Debug|Any CPU
		{B4963CE5-34A6-4897-8B17-A0AD0F1C61AE}.Release|Any CPU.ActiveCfg = Release|Any CPU
		{B4963CE5-34A6-4897-8B17-A0AD0F1C61AE}.Release|Any CPU.Build.0 = Release|Any CPU
	EndGlobalSection
	GlobalSection(SolutionProperties) = preSolution
		HideSolutionNode = FALSE
	EndGlobalSection
	GlobalSection(ExtensibilityGlobals) = postSolution
		SolutionGuid = {8B04133E-3778-4986-8EC7-A15B56468BDA}
	EndGlobalSection
EndGlobal
